
Microsoft Visual Studio Solution File, Format Version 12.00
# Visual Studio 15
VisualStudioVersion = 15.0.26124.0
MinimumVisualStudioVersion = 15.0.26124.0
Project("{FAE04EC0-301F-11D3-BF4B-00C04F79EFBC}") = "API", "API\API.csproj", "{D9311E10-797B-4ACC-B9C4-657EA00B43D6}"
EndProject
Project("{FAE04EC0-301F-11D3-BF4B-00C04F79EFBC}") = "Models", "Models\Models.csproj", "{94002514-6819-48EC-B920-469237B6245C}"
EndProject
Project("{FAE04EC0-301F-11D3-BF4B-00C04F79EFBC}") = "Data", "Data\Data.csproj", "{103F1D36-2CB1-4762-97D6-39E65A38743F}"
EndProject
Global
	GlobalSection(SolutionConfigurationPlatforms) = preSolution
		Debug|Any CPU = Debug|Any CPU
		Debug|x64 = Debug|x64
		Debug|x86 = Debug|x86
		Release|Any CPU = Release|Any CPU
		Release|x64 = Release|x64
		Release|x86 = Release|x86
	EndGlobalSection
	GlobalSection(SolutionProperties) = preSolution
		HideSolutionNode = FALSE
	EndGlobalSection
	GlobalSection(ProjectConfigurationPlatforms) = postSolution
		{D9311E10-797B-4ACC-B9C4-657EA00B43D6}.Debug|Any CPU.ActiveCfg = Debug|Any CPU
		{D9311E10-797B-4ACC-B9C4-657EA00B43D6}.Debug|Any CPU.Build.0 = Debug|Any CPU
		{D9311E10-797B-4ACC-B9C4-657EA00B43D6}.Debug|x64.ActiveCfg = Debug|Any CPU
		{D9311E10-797B-4ACC-B9C4-657EA00B43D6}.Debug|x64.Build.0 = Debug|Any CPU
		{D9311E10-797B-4ACC-B9C4-657EA00B43D6}.Debug|x86.ActiveCfg = Debug|Any CPU
		{D9311E10-797B-4ACC-B9C4-657EA00B43D6}.Debug|x86.Build.0 = Debug|Any CPU
		{D9311E10-797B-4ACC-B9C4-657EA00B43D6}.Release|Any CPU.ActiveCfg = Release|Any CPU
		{D9311E10-797B-4ACC-B9C4-657EA00B43D6}.Release|Any CPU.Build.0 = Release|Any CPU
		{D9311E10-797B-4ACC-B9C4-657EA00B43D6}.Release|x64.ActiveCfg = Release|Any CPU
		{D9311E10-797B-4ACC-B9C4-657EA00B43D6}.Release|x64.Build.0 = Release|Any CPU
		{D9311E10-797B-4ACC-B9C4-657EA00B43D6}.Release|x86.ActiveCfg = Release|Any CPU
		{D9311E10-797B-4ACC-B9C4-657EA00B43D6}.Release|x86.Build.0 = Release|Any CPU
		{94002514-6819-48EC-B920-469237B6245C}.Debug|Any CPU.ActiveCfg = Debug|Any CPU
		{94002514-6819-48EC-B920-469237B6245C}.Debug|Any CPU.Build.0 = Debug|Any CPU
		{94002514-6819-48EC-B920-469237B6245C}.Debug|x64.ActiveCfg = Debug|Any CPU
		{94002514-6819-48EC-B920-469237B6245C}.Debug|x64.Build.0 = Debug|Any CPU
		{94002514-6819-48EC-B920-469237B6245C}.Debug|x86.ActiveCfg = Debug|Any CPU
		{94002514-6819-48EC-B920-469237B6245C}.Debug|x86.Build.0 = Debug|Any CPU
		{94002514-6819-48EC-B920-469237B6245C}.Release|Any CPU.ActiveCfg = Release|Any CPU
		{94002514-6819-48EC-B920-469237B6245C}.Release|Any CPU.Build.0 = Release|Any CPU
		{94002514-6819-48EC-B920-469237B6245C}.Release|x64.ActiveCfg = Release|Any CPU
		{94002514-6819-48EC-B920-469237B6245C}.Release|x64.Build.0 = Release|Any CPU
		{94002514-6819-48EC-B920-469237B6245C}.Release|x86.ActiveCfg = Release|Any CPU
		{94002514-6819-48EC-B920-469237B6245C}.Release|x86.Build.0 = Release|Any CPU
		{103F1D36-2CB1-4762-97D6-39E65A38743F}.Debug|Any CPU.ActiveCfg = Debug|Any CPU
		{103F1D36-2CB1-4762-97D6-39E65A38743F}.Debug|Any CPU.Build.0 = Debug|Any CPU
		{103F1D36-2CB1-4762-97D6-39E65A38743F}.Debug|x64.ActiveCfg = Debug|Any CPU
		{103F1D36-2CB1-4762-97D6-39E65A38743F}.Debug|x64.Build.0 = Debug|Any CPU
		{103F1D36-2CB1-4762-97D6-39E65A38743F}.Debug|x86.ActiveCfg = Debug|Any CPU
		{103F1D36-2CB1-4762-97D6-39E65A38743F}.Debug|x86.Build.0 = Debug|Any CPU
		{103F1D36-2CB1-4762-97D6-39E65A38743F}.Release|Any CPU.ActiveCfg = Release|Any CPU
		{103F1D36-2CB1-4762-97D6-39E65A38743F}.Release|Any CPU.Build.0 = Release|Any CPU
		{103F1D36-2CB1-4762-97D6-39E65A38743F}.Release|x64.ActiveCfg = Release|Any CPU
		{103F1D36-2CB1-4762-97D6-39E65A38743F}.Release|x64.Build.0 = Release|Any CPU
		{103F1D36-2CB1-4762-97D6-39E65A38743F}.Release|x86.ActiveCfg = Release|Any CPU
		{103F1D36-2CB1-4762-97D6-39E65A38743F}.Release|x86.Build.0 = Release|Any CPU
	EndGlobalSection
EndGlobal
